// !$*UTF8*$!
{
	archiveVersion = 1;
	classes = {
	};
	objectVersion = 46;
	objects = {

/* Begin PBXBuildFile section */
		4522516916123719007FEECC /* CAppDelegate.m in Sources */ = {isa = PBXBuildFile; fileRef = 452250F016123719007FEECC /* CAppDelegate.m */; };
		4522516A16123719007FEECC /* CDemoCollectionViewCell.m in Sources */ = {isa = PBXBuildFile; fileRef = 452250F216123719007FEECC /* CDemoCollectionViewCell.m */; };
		4522516B16123719007FEECC /* CDemoCollectionViewController.m in Sources */ = {isa = PBXBuildFile; fileRef = 452250F416123719007FEECC /* CDemoCollectionViewController.m */; };
		4522516D16123719007FEECC /* Default-568h@2x.png in Resources */ = {isa = PBXBuildFile; fileRef = 452250F716123719007FEECC /* Default-568h@2x.png */; };
		4522516E16123719007FEECC /* Default.png in Resources */ = {isa = PBXBuildFile; fileRef = 452250F816123719007FEECC /* Default.png */; };
		4522516F16123719007FEECC /* Default@2x.png in Resources */ = {isa = PBXBuildFile; fileRef = 452250F916123719007FEECC /* Default@2x.png */; };
		4522517016123719007FEECC /* InfoPlist.strings in Resources */ = {isa = PBXBuildFile; fileRef = 452250FA16123719007FEECC /* InfoPlist.strings */; };
		452251DB16123719007FEECC /* main.m in Sources */ = {isa = PBXBuildFile; fileRef = 4522516816123719007FEECC /* main.m */; };
		452251DD1612372B007FEECC /* Images in Resources */ = {isa = PBXBuildFile; fileRef = 452251DC1612372B007FEECC /* Images */; };
		452251E716124093007FEECC /* CCoverflowTitleView.xib in Resources */ = {isa = PBXBuildFile; fileRef = 452251E616124093007FEECC /* CCoverflowTitleView.xib */; };
		452251EA161240A6007FEECC /* CCoverflowTitleView.m in Sources */ = {isa = PBXBuildFile; fileRef = 452251E9161240A6007FEECC /* CCoverflowTitleView.m */; };
		456BDDD41610896400398F00 /* UIKit.framework in Frameworks */ = {isa = PBXBuildFile; fileRef = 456BDDD31610896400398F00 /* UIKit.framework */; };
		456BDDD61610896400398F00 /* Foundation.framework in Frameworks */ = {isa = PBXBuildFile; fileRef = 456BDDD51610896400398F00 /* Foundation.framework */; };
		456BDDD81610896400398F00 /* CoreGraphics.framework in Frameworks */ = {isa = PBXBuildFile; fileRef = 456BDDD71610896400398F00 /* CoreGraphics.framework */; };
		456BDE0716108D7A00398F00 /* QuartzCore.framework in Frameworks */ = {isa = PBXBuildFile; fileRef = 456BDE0616108D7A00398F00 /* QuartzCore.framework */; };
		458DD6161610F71C00DB2DD2 /* AssetsLibrary.framework in Frameworks */ = {isa = PBXBuildFile; fileRef = 458DD6151610F71C00DB2DD2 /* AssetsLibrary.framework */; };
		FC11D5F6182B9532002BC771 /* SDWebImage.framework in Frameworks */ = {isa = PBXBuildFile; fileRef = FC11D5F5182B9532002BC771 /* SDWebImage.framework */; };
		FC1743D518F4B381008F1BA2 /* libPods.a in Frameworks */ = {isa = PBXBuildFile; fileRef = FC1743D418F4B381008F1BA2 /* libPods.a */; };
		FC18948D18AD585D005D1917 /* libTestFlight.a in Frameworks */ = {isa = PBXBuildFile; fileRef = FC18948B18AD583C005D1917 /* libTestFlight.a */; };
		FC4E6017182B98DD00032812 /* CELLO_WINE.m in Sources */ = {isa = PBXBuildFile; fileRef = FC4E6016182B98DD00032812 /* CELLO_WINE.m */; };
		FC4E601B182B9FCA00032812 /* RKTweet.m in Sources */ = {isa = PBXBuildFile; fileRef = FC4E601A182B9FCA00032812 /* RKTweet.m */; };
		FC4E602E182BA0B000032812 /* RKTwitterViewController.m in Sources */ = {isa = PBXBuildFile; fileRef = FC4E602D182BA0B000032812 /* RKTwitterViewController.m */; };
		FC4E6030182BA47400032812 /* RKSeedDatabase.sqlite in Resources */ = {isa = PBXBuildFile; fileRef = FC4E602F182BA43200032812 /* RKSeedDatabase.sqlite */; };
		FC4E6032182BA49700032812 /* RKTwitterCoreData.xcdatamodel in Sources */ = {isa = PBXBuildFile; fileRef = FC4E6031182BA49700032812 /* RKTwitterCoreData.xcdatamodel */; };
		FC56501C18209C0C001B54A8 /* libz.dylib in Frameworks */ = {isa = PBXBuildFile; fileRef = FC56501B18209C0C001B54A8 /* libz.dylib */; };
		FC56503618209CCC001B54A8 /* CFNetwork.framework in Frameworks */ = {isa = PBXBuildFile; fileRef = FC56503518209CCC001B54A8 /* CFNetwork.framework */; };
		FC5650441820A06E001B54A8 /* MapKit.framework in Frameworks */ = {isa = PBXBuildFile; fileRef = FC5650431820A06E001B54A8 /* MapKit.framework */; };
		FC5E5646180C112B00CB2F5D /* BDDynamicGridCell.m in Sources */ = {isa = PBXBuildFile; fileRef = FC5E5640180C112B00CB2F5D /* BDDynamicGridCell.m */; };
		FC5E5647180C112B00CB2F5D /* BDDynamicGridViewController.m in Sources */ = {isa = PBXBuildFile; fileRef = FC5E5642180C112B00CB2F5D /* BDDynamicGridViewController.m */; };
		FC5E5648180C112B00CB2F5D /* BDRowInfo.m in Sources */ = {isa = PBXBuildFile; fileRef = FC5E5645180C112B00CB2F5D /* BDRowInfo.m */; };
		FC5E5654180C7BA900CB2F5D /* CelloNavigationViewController.m in Sources */ = {isa = PBXBuildFile; fileRef = FC5E5653180C7BA900CB2F5D /* CelloNavigationViewController.m */; };
		FC5E5664180C954F00CB2F5D /* CHTCollectionViewWaterfallCell.m in Sources */ = {isa = PBXBuildFile; fileRef = FC5E5663180C954F00CB2F5D /* CHTCollectionViewWaterfallCell.m */; };
		FC5E5667180C95D400CB2F5D /* CHTCollectionViewWaterfallLayout.m in Sources */ = {isa = PBXBuildFile; fileRef = FC5E5666180C95D400CB2F5D /* CHTCollectionViewWaterfallLayout.m */; };
		FC5E566A180C960400CB2F5D /* ResultsViewController.m in Sources */ = {isa = PBXBuildFile; fileRef = FC5E5669180C960400CB2F5D /* ResultsViewController.m */; };
		FC5E566C180CC99800CB2F5D /* CELLO_IPAD.storyboard in Resources */ = {isa = PBXBuildFile; fileRef = FC5E566B180CC99800CB2F5D /* CELLO_IPAD.storyboard */; };
		FC5E5671180CEF1700CB2F5D /* BDViewController.m in Sources */ = {isa = PBXBuildFile; fileRef = FC5E566E180CEF1700CB2F5D /* BDViewController.m */; };
		FC5E5672180CEF1700CB2F5D /* BDViewController+Private.m in Sources */ = {isa = PBXBuildFile; fileRef = FC5E5670180CEF1700CB2F5D /* BDViewController+Private.m */; };
		FC5E5675180D324700CB2F5D /* SDWebImage.framework in Frameworks */ = {isa = PBXBuildFile; fileRef = FC5E5674180D324700CB2F5D /* SDWebImage.framework */; };
		FC5E5679180D4CA200CB2F5D /* placeholder.png in Resources */ = {isa = PBXBuildFile; fileRef = FC5E5678180D4CA200CB2F5D /* placeholder.png */; };
		FC5E567B180D534700CB2F5D /* ImageIO.framework in Frameworks */ = {isa = PBXBuildFile; fileRef = FC5E567A180D534700CB2F5D /* ImageIO.framework */; };
		FC6E2A54182C9E3E005E5337 /* TwitterWebViewController.m in Sources */ = {isa = PBXBuildFile; fileRef = FC6E2A53182C9E3E005E5337 /* TwitterWebViewController.m */; };
		FC7B936F182096D200B32071 /* AwesomeMenu.m in Sources */ = {isa = PBXBuildFile; fileRef = FC7B936C182096D200B32071 /* AwesomeMenu.m */; };
		FC7B9370182096D200B32071 /* AwesomeMenuItem.m in Sources */ = {isa = PBXBuildFile; fileRef = FC7B936E182096D200B32071 /* AwesomeMenuItem.m */; };
		FC7B93801820979900B32071 /* bg-addbutton-highlighted.png in Resources */ = {isa = PBXBuildFile; fileRef = FC7B93721820979900B32071 /* bg-addbutton-highlighted.png */; };
		FC7B93811820979900B32071 /* bg-addbutton-highlighted@2x.png in Resources */ = {isa = PBXBuildFile; fileRef = FC7B93731820979900B32071 /* bg-addbutton-highlighted@2x.png */; };
		FC7B93821820979900B32071 /* bg-addbutton.png in Resources */ = {isa = PBXBuildFile; fileRef = FC7B93741820979900B32071 /* bg-addbutton.png */; };
		FC7B93831820979900B32071 /* bg-addbutton@2x.png in Resources */ = {isa = PBXBuildFile; fileRef = FC7B93751820979900B32071 /* bg-addbutton@2x.png */; };
		FC7B93841820979900B32071 /* bg-menuitem-highlighted.png in Resources */ = {isa = PBXBuildFile; fileRef = FC7B93761820979900B32071 /* bg-menuitem-highlighted.png */; };
		FC7B93851820979900B32071 /* bg-menuitem-highlighted@2x.png in Resources */ = {isa = PBXBuildFile; fileRef = FC7B93771820979900B32071 /* bg-menuitem-highlighted@2x.png */; };
		FC7B93861820979900B32071 /* bg-menuitem.png in Resources */ = {isa = PBXBuildFile; fileRef = FC7B93781820979900B32071 /* bg-menuitem.png */; };
		FC7B93871820979900B32071 /* bg-menuitem@2x.png in Resources */ = {isa = PBXBuildFile; fileRef = FC7B93791820979900B32071 /* bg-menuitem@2x.png */; };
		FC7B93881820979900B32071 /* icon-plus-highlighted.png in Resources */ = {isa = PBXBuildFile; fileRef = FC7B937A1820979900B32071 /* icon-plus-highlighted.png */; };
		FC7B93891820979900B32071 /* icon-plus-highlighted@2x.png in Resources */ = {isa = PBXBuildFile; fileRef = FC7B937B1820979900B32071 /* icon-plus-highlighted@2x.png */; };
		FC7B938A1820979900B32071 /* icon-plus.png in Resources */ = {isa = PBXBuildFile; fileRef = FC7B937C1820979900B32071 /* icon-plus.png */; };
		FC7B938B1820979900B32071 /* icon-plus@2x.png in Resources */ = {isa = PBXBuildFile; fileRef = FC7B937D1820979900B32071 /* icon-plus@2x.png */; };
		FC7B938C1820979900B32071 /* icon-star.png in Resources */ = {isa = PBXBuildFile; fileRef = FC7B937E1820979900B32071 /* icon-star.png */; };
		FC7B938D1820979900B32071 /* icon-star@2x.png in Resources */ = {isa = PBXBuildFile; fileRef = FC7B937F1820979900B32071 /* icon-star@2x.png */; };
		FCA3A37D18F4BFBE009447B0 /* CBetterCollectionViewCell.m in Sources */ = {isa = PBXBuildFile; fileRef = FCA3A37218F4BFBE009447B0 /* CBetterCollectionViewCell.m */; };
		FCA3A37E18F4BFBE009447B0 /* CBetterCollectionViewLayoutAttributes.m in Sources */ = {isa = PBXBuildFile; fileRef = FCA3A37418F4BFBE009447B0 /* CBetterCollectionViewLayoutAttributes.m */; };
		FCA3A37F18F4BFBE009447B0 /* CCoverflowCollectionViewLayout.m in Sources */ = {isa = PBXBuildFile; fileRef = FCA3A37618F4BFBE009447B0 /* CCoverflowCollectionViewLayout.m */; };
		FCA3A38018F4BFBE009447B0 /* CInterpolator.mm in Sources */ = {isa = PBXBuildFile; fileRef = FCA3A37818F4BFBE009447B0 /* CInterpolator.mm */; };
		FCA3A38118F4BFBE009447B0 /* CReflectionView.m in Sources */ = {isa = PBXBuildFile; fileRef = FCA3A37A18F4BFBE009447B0 /* CReflectionView.m */; };
		FCA3A38218F4BFBE009447B0 /* Interpolator.cpp in Sources */ = {isa = PBXBuildFile; fileRef = FCA3A37B18F4BFBE009447B0 /* Interpolator.cpp */; };
		FCADEAE81820AD730076E0E5 /* Security.framework in Frameworks */ = {isa = PBXBuildFile; fileRef = FCADEAE71820AD730076E0E5 /* Security.framework */; };
		FCADEAEA1820AD810076E0E5 /* libxml2.dylib in Frameworks */ = {isa = PBXBuildFile; fileRef = FCADEAE91820AD810076E0E5 /* libxml2.dylib */; };
		FCADEAEC1820AD960076E0E5 /* CoreData.framework in Frameworks */ = {isa = PBXBuildFile; fileRef = FCADEAEB1820AD960076E0E5 /* CoreData.framework */; };
		FCADEAEE1820ADA60076E0E5 /* SystemConfiguration.framework in Frameworks */ = {isa = PBXBuildFile; fileRef = FCADEAED1820ADA60076E0E5 /* SystemConfiguration.framework */; };
		FCB900FD1820C24900B69E4E /* Wime.m in Sources */ = {isa = PBXBuildFile; fileRef = FCB900FC1820C24900B69E4E /* Wime.m */; };
		FCEEFC3B1812489D006A8CC9 /* Images.xcassets in Resources */ = {isa = PBXBuildFile; fileRef = FCEEFC3A1812489D006A8CC9 /* Images.xcassets */; };
/* End PBXBuildFile section */

/* Begin PBXFileReference section */
		452250EF16123719007FEECC /* CAppDelegate.h */ = {isa = PBXFileReference; fileEncoding = 4; lastKnownFileType = sourcecode.c.h; path = CAppDelegate.h; sourceTree = "<group>"; };
		452250F016123719007FEECC /* CAppDelegate.m */ = {isa = PBXFileReference; fileEncoding = 4; lastKnownFileType = sourcecode.c.objc; path = CAppDelegate.m; sourceTree = "<group>"; };
		452250F116123719007FEECC /* CDemoCollectionViewCell.h */ = {isa = PBXFileReference; fileEncoding = 4; lastKnownFileType = sourcecode.c.h; path = CDemoCollectionViewCell.h; sourceTree = "<group>"; };
		452250F216123719007FEECC /* CDemoCollectionViewCell.m */ = {isa = PBXFileReference; fileEncoding = 4; lastKnownFileType = sourcecode.c.objc; path = CDemoCollectionViewCell.m; sourceTree = "<group>"; };
		452250F316123719007FEECC /* CDemoCollectionViewController.h */ = {isa = PBXFileReference; fileEncoding = 4; lastKnownFileType = sourcecode.c.h; path = CDemoCollectionViewController.h; sourceTree = "<group>"; };
		452250F416123719007FEECC /* CDemoCollectionViewController.m */ = {isa = PBXFileReference; fileEncoding = 4; lastKnownFileType = sourcecode.c.objc; path = CDemoCollectionViewController.m; sourceTree = "<group>"; };
		452250F516123719007FEECC /* CELLO-Info.plist */ = {isa = PBXFileReference; fileEncoding = 4; lastKnownFileType = text.plist.xml; path = "CELLO-Info.plist"; sourceTree = "<group>"; };
		452250F616123719007FEECC /* CELLO-Prefix.pch */ = {isa = PBXFileReference; fileEncoding = 4; lastKnownFileType = sourcecode.c.h; path = "CELLO-Prefix.pch"; sourceTree = "<group>"; };
		452250F716123719007FEECC /* Default-568h@2x.png */ = {isa = PBXFileReference; lastKnownFileType = image.png; path = "Default-568h@2x.png"; sourceTree = "<group>"; };
		452250F816123719007FEECC /* Default.png */ = {isa = PBXFileReference; lastKnownFileType = image.png; path = Default.png; sourceTree = "<group>"; };
		452250F916123719007FEECC /* Default@2x.png */ = {isa = PBXFileReference; lastKnownFileType = image.png; path = "Default@2x.png"; sourceTree = "<group>"; };
		452250FB16123719007FEECC /* en */ = {isa = PBXFileReference; lastKnownFileType = text.plist.strings; name = en; path = en.lproj/InfoPlist.strings; sourceTree = "<group>"; };
		4522516816123719007FEECC /* main.m */ = {isa = PBXFileReference; fileEncoding = 4; lastKnownFileType = sourcecode.c.objc; path = main.m; sourceTree = "<group>"; };
		452251DC1612372B007FEECC /* Images */ = {isa = PBXFileReference; lastKnownFileType = folder; path = Images; sourceTree = "<group>"; };
		452251E616124093007FEECC /* CCoverflowTitleView.xib */ = {isa = PBXFileReference; fileEncoding = 4; lastKnownFileType = file.xib; path = CCoverflowTitleView.xib; sourceTree = "<group>"; };
		452251E8161240A6007FEECC /* CCoverflowTitleView.h */ = {isa = PBXFileReference; fileEncoding = 4; lastKnownFileType = sourcecode.c.h; path = CCoverflowTitleView.h; sourceTree = "<group>"; };
		452251E9161240A6007FEECC /* CCoverflowTitleView.m */ = {isa = PBXFileReference; fileEncoding = 4; lastKnownFileType = sourcecode.c.objc; path = CCoverflowTitleView.m; sourceTree = "<group>"; };
		456BDDCF1610896400398F00 /* CELLO.app */ = {isa = PBXFileReference; explicitFileType = wrapper.application; includeInIndex = 0; path = CELLO.app; sourceTree = BUILT_PRODUCTS_DIR; };
		456BDDD31610896400398F00 /* UIKit.framework */ = {isa = PBXFileReference; lastKnownFileType = wrapper.framework; name = UIKit.framework; path = System/Library/Frameworks/UIKit.framework; sourceTree = SDKROOT; };
		456BDDD51610896400398F00 /* Foundation.framework */ = {isa = PBXFileReference; lastKnownFileType = wrapper.framework; name = Foundation.framework; path = System/Library/Frameworks/Foundation.framework; sourceTree = SDKROOT; };
		456BDDD71610896400398F00 /* CoreGraphics.framework */ = {isa = PBXFileReference; lastKnownFileType = wrapper.framework; name = CoreGraphics.framework; path = System/Library/Frameworks/CoreGraphics.framework; sourceTree = SDKROOT; };
		456BDE0616108D7A00398F00 /* QuartzCore.framework */ = {isa = PBXFileReference; lastKnownFileType = wrapper.framework; name = QuartzCore.framework; path = System/Library/Frameworks/QuartzCore.framework; sourceTree = SDKROOT; };
		458DD6151610F71C00DB2DD2 /* AssetsLibrary.framework */ = {isa = PBXFileReference; lastKnownFileType = wrapper.framework; name = AssetsLibrary.framework; path = System/Library/Frameworks/AssetsLibrary.framework; sourceTree = SDKROOT; };
		EA27E3EC6661492CB2771195 /* Pods.xcconfig */ = {isa = PBXFileReference; includeInIndex = 1; lastKnownFileType = text.xcconfig; name = Pods.xcconfig; path = Pods/Pods.xcconfig; sourceTree = "<group>"; };
		FC11D5F5182B9532002BC771 /* SDWebImage.framework */ = {isa = PBXFileReference; lastKnownFileType = wrapper.framework; path = SDWebImage.framework; sourceTree = "<group>"; };
		FC1743D418F4B381008F1BA2 /* libPods.a */ = {isa = PBXFileReference; lastKnownFileType = archive.ar; path = libPods.a; sourceTree = "<group>"; };
		FC18948818AD5809005D1917 /* TestFlight.h */ = {isa = PBXFileReference; fileEncoding = 4; lastKnownFileType = sourcecode.c.h; path = TestFlight.h; sourceTree = "<group>"; };
		FC18948918AD5809005D1917 /* TestFlight+AsyncLogging.h */ = {isa = PBXFileReference; fileEncoding = 4; lastKnownFileType = sourcecode.c.h; path = "TestFlight+AsyncLogging.h"; sourceTree = "<group>"; };
		FC18948A18AD5809005D1917 /* TestFlight+ManualSessions.h */ = {isa = PBXFileReference; fileEncoding = 4; lastKnownFileType = sourcecode.c.h; path = "TestFlight+ManualSessions.h"; sourceTree = "<group>"; };
		FC18948B18AD583C005D1917 /* libTestFlight.a */ = {isa = PBXFileReference; lastKnownFileType = archive.ar; path = libTestFlight.a; sourceTree = "<group>"; };
		FC4E6015182B98DD00032812 /* CELLO_WINE.h */ = {isa = PBXFileReference; fileEncoding = 4; lastKnownFileType = sourcecode.c.h; path = CELLO_WINE.h; sourceTree = "<group>"; };
		FC4E6016182B98DD00032812 /* CELLO_WINE.m */ = {isa = PBXFileReference; fileEncoding = 4; lastKnownFileType = sourcecode.c.objc; path = CELLO_WINE.m; sourceTree = "<group>"; };
		FC4E6019182B9FCA00032812 /* RKTweet.h */ = {isa = PBXFileReference; fileEncoding = 4; lastKnownFileType = sourcecode.c.h; path = RKTweet.h; sourceTree = "<group>"; };
		FC4E601A182B9FCA00032812 /* RKTweet.m */ = {isa = PBXFileReference; fileEncoding = 4; lastKnownFileType = sourcecode.c.objc; path = RKTweet.m; sourceTree = "<group>"; };
		FC4E602C182BA0B000032812 /* RKTwitterViewController.h */ = {isa = PBXFileReference; fileEncoding = 4; lastKnownFileType = sourcecode.c.h; path = RKTwitterViewController.h; sourceTree = "<group>"; };
		FC4E602D182BA0B000032812 /* RKTwitterViewController.m */ = {isa = PBXFileReference; fileEncoding = 4; lastKnownFileType = sourcecode.c.objc; path = RKTwitterViewController.m; sourceTree = "<group>"; };
		FC4E602F182BA43200032812 /* RKSeedDatabase.sqlite */ = {isa = PBXFileReference; lastKnownFileType = file; path = RKSeedDatabase.sqlite; sourceTree = "<group>"; };
		FC4E6031182BA49700032812 /* RKTwitterCoreData.xcdatamodel */ = {isa = PBXFileReference; lastKnownFileType = wrapper.xcdatamodel; path = RKTwitterCoreData.xcdatamodel; sourceTree = "<group>"; };
		FC4E6033182BA50100032812 /* libPods-RestKit.a */ = {isa = PBXFileReference; lastKnownFileType = archive.ar; name = "libPods-RestKit.a"; path = "Pods/build/Release-iphoneos/libPods-RestKit.a"; sourceTree = "<group>"; };
		FC4E6035182BA59000032812 /* libPods-RestKit.a */ = {isa = PBXFileReference; lastKnownFileType = archive.ar; name = "libPods-RestKit.a"; path = "Pods/build/Release-iphoneos/libPods-RestKit.a"; sourceTree = "<group>"; };
		FC56501B18209C0C001B54A8 /* libz.dylib */ = {isa = PBXFileReference; lastKnownFileType = "compiled.mach-o.dylib"; name = libz.dylib; path = usr/lib/libz.dylib; sourceTree = SDKROOT; };
		FC56503518209CCC001B54A8 /* CFNetwork.framework */ = {isa = PBXFileReference; lastKnownFileType = wrapper.framework; name = CFNetwork.framework; path = System/Library/Frameworks/CFNetwork.framework; sourceTree = SDKROOT; };
		FC5650431820A06E001B54A8 /* MapKit.framework */ = {isa = PBXFileReference; lastKnownFileType = wrapper.framework; name = MapKit.framework; path = System/Library/Frameworks/MapKit.framework; sourceTree = SDKROOT; };
		FC5E563F180C112B00CB2F5D /* BDDynamicGridCell.h */ = {isa = PBXFileReference; fileEncoding = 4; lastKnownFileType = sourcecode.c.h; path = BDDynamicGridCell.h; sourceTree = "<group>"; };
		FC5E5640180C112B00CB2F5D /* BDDynamicGridCell.m */ = {isa = PBXFileReference; fileEncoding = 4; lastKnownFileType = sourcecode.c.objc; path = BDDynamicGridCell.m; sourceTree = "<group>"; };
		FC5E5641180C112B00CB2F5D /* BDDynamicGridViewController.h */ = {isa = PBXFileReference; fileEncoding = 4; lastKnownFileType = sourcecode.c.h; path = BDDynamicGridViewController.h; sourceTree = "<group>"; };
		FC5E5642180C112B00CB2F5D /* BDDynamicGridViewController.m */ = {isa = PBXFileReference; fileEncoding = 4; lastKnownFileType = sourcecode.c.objc; path = BDDynamicGridViewController.m; sourceTree = "<group>"; };
		FC5E5643180C112B00CB2F5D /* BDDynamicGridViewDelegate.h */ = {isa = PBXFileReference; fileEncoding = 4; lastKnownFileType = sourcecode.c.h; path = BDDynamicGridViewDelegate.h; sourceTree = "<group>"; };
		FC5E5644180C112B00CB2F5D /* BDRowInfo.h */ = {isa = PBXFileReference; fileEncoding = 4; lastKnownFileType = sourcecode.c.h; path = BDRowInfo.h; sourceTree = "<group>"; };
		FC5E5645180C112B00CB2F5D /* BDRowInfo.m */ = {isa = PBXFileReference; fileEncoding = 4; lastKnownFileType = sourcecode.c.objc; path = BDRowInfo.m; sourceTree = "<group>"; };
		FC5E5652180C7BA900CB2F5D /* CelloNavigationViewController.h */ = {isa = PBXFileReference; fileEncoding = 4; lastKnownFileType = sourcecode.c.h; path = CelloNavigationViewController.h; sourceTree = "<group>"; };
		FC5E5653180C7BA900CB2F5D /* CelloNavigationViewController.m */ = {isa = PBXFileReference; fileEncoding = 4; lastKnownFileType = sourcecode.c.objc; path = CelloNavigationViewController.m; sourceTree = "<group>"; };
		FC5E5662180C954F00CB2F5D /* CHTCollectionViewWaterfallCell.h */ = {isa = PBXFileReference; fileEncoding = 4; lastKnownFileType = sourcecode.c.h; name = CHTCollectionViewWaterfallCell.h; path = ../Coverflow/CHTCollectionViewWaterfallCell.h; sourceTree = "<group>"; };
		FC5E5663180C954F00CB2F5D /* CHTCollectionViewWaterfallCell.m */ = {isa = PBXFileReference; fileEncoding = 4; lastKnownFileType = sourcecode.c.objc; name = CHTCollectionViewWaterfallCell.m; path = ../Coverflow/CHTCollectionViewWaterfallCell.m; sourceTree = "<group>"; };
		FC5E5665180C95D400CB2F5D /* CHTCollectionViewWaterfallLayout.h */ = {isa = PBXFileReference; fileEncoding = 4; lastKnownFileType = sourcecode.c.h; name = CHTCollectionViewWaterfallLayout.h; path = ../Coverflow/CHTCollectionViewWaterfallLayout.h; sourceTree = "<group>"; };
		FC5E5666180C95D400CB2F5D /* CHTCollectionViewWaterfallLayout.m */ = {isa = PBXFileReference; fileEncoding = 4; lastKnownFileType = sourcecode.c.objc; name = CHTCollectionViewWaterfallLayout.m; path = ../Coverflow/CHTCollectionViewWaterfallLayout.m; sourceTree = "<group>"; };
		FC5E5668180C960400CB2F5D /* ResultsViewController.h */ = {isa = PBXFileReference; fileEncoding = 4; lastKnownFileType = sourcecode.c.h; path = ResultsViewController.h; sourceTree = "<group>"; };
		FC5E5669180C960400CB2F5D /* ResultsViewController.m */ = {isa = PBXFileReference; fileEncoding = 4; lastKnownFileType = sourcecode.c.objc; path = ResultsViewController.m; sourceTree = "<group>"; };
		FC5E566B180CC99800CB2F5D /* CELLO_IPAD.storyboard */ = {isa = PBXFileReference; fileEncoding = 4; lastKnownFileType = file.storyboard; path = CELLO_IPAD.storyboard; sourceTree = "<group>"; };
		FC5E566D180CEF1700CB2F5D /* BDViewController.h */ = {isa = PBXFileReference; fileEncoding = 4; lastKnownFileType = sourcecode.c.h; name = BDViewController.h; path = ../Coverflow/BDViewController.h; sourceTree = "<group>"; };
		FC5E566E180CEF1700CB2F5D /* BDViewController.m */ = {isa = PBXFileReference; fileEncoding = 4; lastKnownFileType = sourcecode.c.objc; name = BDViewController.m; path = ../Coverflow/BDViewController.m; sourceTree = "<group>"; };
		FC5E566F180CEF1700CB2F5D /* BDViewController+Private.h */ = {isa = PBXFileReference; fileEncoding = 4; lastKnownFileType = sourcecode.c.h; name = "BDViewController+Private.h"; path = "../Coverflow/BDViewController+Private.h"; sourceTree = "<group>"; };
		FC5E5670180CEF1700CB2F5D /* BDViewController+Private.m */ = {isa = PBXFileReference; fileEncoding = 4; lastKnownFileType = sourcecode.c.objc; name = "BDViewController+Private.m"; path = "../Coverflow/BDViewController+Private.m"; sourceTree = "<group>"; };
		FC5E5674180D324700CB2F5D /* SDWebImage.framework */ = {isa = PBXFileReference; lastKnownFileType = wrapper.framework; path = SDWebImage.framework; sourceTree = "<group>"; };
		FC5E5678180D4CA200CB2F5D /* placeholder.png */ = {isa = PBXFileReference; lastKnownFileType = image.png; path = placeholder.png; sourceTree = "<group>"; };
		FC5E567A180D534700CB2F5D /* ImageIO.framework */ = {isa = PBXFileReference; lastKnownFileType = wrapper.framework; name = ImageIO.framework; path = System/Library/Frameworks/ImageIO.framework; sourceTree = SDKROOT; };
		FC6E2A52182C9E3E005E5337 /* TwitterWebViewController.h */ = {isa = PBXFileReference; fileEncoding = 4; lastKnownFileType = sourcecode.c.h; path = TwitterWebViewController.h; sourceTree = "<group>"; };
		FC6E2A53182C9E3E005E5337 /* TwitterWebViewController.m */ = {isa = PBXFileReference; fileEncoding = 4; lastKnownFileType = sourcecode.c.objc; path = TwitterWebViewController.m; sourceTree = "<group>"; };
		FC7B936B182096D200B32071 /* AwesomeMenu.h */ = {isa = PBXFileReference; fileEncoding = 4; lastKnownFileType = sourcecode.c.h; path = AwesomeMenu.h; sourceTree = "<group>"; };
		FC7B936C182096D200B32071 /* AwesomeMenu.m */ = {isa = PBXFileReference; fileEncoding = 4; lastKnownFileType = sourcecode.c.objc; path = AwesomeMenu.m; sourceTree = "<group>"; };
		FC7B936D182096D200B32071 /* AwesomeMenuItem.h */ = {isa = PBXFileReference; fileEncoding = 4; lastKnownFileType = sourcecode.c.h; path = AwesomeMenuItem.h; sourceTree = "<group>"; };
		FC7B936E182096D200B32071 /* AwesomeMenuItem.m */ = {isa = PBXFileReference; fileEncoding = 4; lastKnownFileType = sourcecode.c.objc; path = AwesomeMenuItem.m; sourceTree = "<group>"; };
		FC7B93721820979900B32071 /* bg-addbutton-highlighted.png */ = {isa = PBXFileReference; lastKnownFileType = image.png; path = "bg-addbutton-highlighted.png"; sourceTree = "<group>"; };
		FC7B93731820979900B32071 /* bg-addbutton-highlighted@2x.png */ = {isa = PBXFileReference; lastKnownFileType = image.png; path = "bg-addbutton-highlighted@2x.png"; sourceTree = "<group>"; };
		FC7B93741820979900B32071 /* bg-addbutton.png */ = {isa = PBXFileReference; lastKnownFileType = image.png; path = "bg-addbutton.png"; sourceTree = "<group>"; };
		FC7B93751820979900B32071 /* bg-addbutton@2x.png */ = {isa = PBXFileReference; lastKnownFileType = image.png; path = "bg-addbutton@2x.png"; sourceTree = "<group>"; };
		FC7B93761820979900B32071 /* bg-menuitem-highlighted.png */ = {isa = PBXFileReference; lastKnownFileType = image.png; path = "bg-menuitem-highlighted.png"; sourceTree = "<group>"; };
		FC7B93771820979900B32071 /* bg-menuitem-highlighted@2x.png */ = {isa = PBXFileReference; lastKnownFileType = image.png; path = "bg-menuitem-highlighted@2x.png"; sourceTree = "<group>"; };
		FC7B93781820979900B32071 /* bg-menuitem.png */ = {isa = PBXFileReference; lastKnownFileType = image.png; path = "bg-menuitem.png"; sourceTree = "<group>"; };
		FC7B93791820979900B32071 /* bg-menuitem@2x.png */ = {isa = PBXFileReference; lastKnownFileType = image.png; path = "bg-menuitem@2x.png"; sourceTree = "<group>"; };
		FC7B937A1820979900B32071 /* icon-plus-highlighted.png */ = {isa = PBXFileReference; lastKnownFileType = image.png; path = "icon-plus-highlighted.png"; sourceTree = "<group>"; };
		FC7B937B1820979900B32071 /* icon-plus-highlighted@2x.png */ = {isa = PBXFileReference; lastKnownFileType = image.png; path = "icon-plus-highlighted@2x.png"; sourceTree = "<group>"; };
		FC7B937C1820979900B32071 /* icon-plus.png */ = {isa = PBXFileReference; lastKnownFileType = image.png; path = "icon-plus.png"; sourceTree = "<group>"; };
		FC7B937D1820979900B32071 /* icon-plus@2x.png */ = {isa = PBXFileReference; lastKnownFileType = image.png; path = "icon-plus@2x.png"; sourceTree = "<group>"; };
		FC7B937E1820979900B32071 /* icon-star.png */ = {isa = PBXFileReference; lastKnownFileType = image.png; path = "icon-star.png"; sourceTree = "<group>"; };
		FC7B937F1820979900B32071 /* icon-star@2x.png */ = {isa = PBXFileReference; lastKnownFileType = image.png; path = "icon-star@2x.png"; sourceTree = "<group>"; };
		FCA3A37118F4BFBE009447B0 /* CBetterCollectionViewCell.h */ = {isa = PBXFileReference; fileEncoding = 4; lastKnownFileType = sourcecode.c.h; path = CBetterCollectionViewCell.h; sourceTree = "<group>"; };
		FCA3A37218F4BFBE009447B0 /* CBetterCollectionViewCell.m */ = {isa = PBXFileReference; fileEncoding = 4; lastKnownFileType = sourcecode.c.objc; path = CBetterCollectionViewCell.m; sourceTree = "<group>"; };
		FCA3A37318F4BFBE009447B0 /* CBetterCollectionViewLayoutAttributes.h */ = {isa = PBXFileReference; fileEncoding = 4; lastKnownFileType = sourcecode.c.h; path = CBetterCollectionViewLayoutAttributes.h; sourceTree = "<group>"; };
		FCA3A37418F4BFBE009447B0 /* CBetterCollectionViewLayoutAttributes.m */ = {isa = PBXFileReference; fileEncoding = 4; lastKnownFileType = sourcecode.c.objc; path = CBetterCollectionViewLayoutAttributes.m; sourceTree = "<group>"; };
		FCA3A37518F4BFBE009447B0 /* CCoverflowCollectionViewLayout.h */ = {isa = PBXFileReference; fileEncoding = 4; lastKnownFileType = sourcecode.c.h; path = CCoverflowCollectionViewLayout.h; sourceTree = "<group>"; };
		FCA3A37618F4BFBE009447B0 /* CCoverflowCollectionViewLayout.m */ = {isa = PBXFileReference; fileEncoding = 4; lastKnownFileType = sourcecode.c.objc; path = CCoverflowCollectionViewLayout.m; sourceTree = "<group>"; };
		FCA3A37718F4BFBE009447B0 /* CInterpolator.h */ = {isa = PBXFileReference; fileEncoding = 4; lastKnownFileType = sourcecode.c.h; path = CInterpolator.h; sourceTree = "<group>"; };
		FCA3A37818F4BFBE009447B0 /* CInterpolator.mm */ = {isa = PBXFileReference; fileEncoding = 4; lastKnownFileType = sourcecode.cpp.objcpp; path = CInterpolator.mm; sourceTree = "<group>"; };
		FCA3A37918F4BFBE009447B0 /* CReflectionView.h */ = {isa = PBXFileReference; fileEncoding = 4; lastKnownFileType = sourcecode.c.h; path = CReflectionView.h; sourceTree = "<group>"; };
		FCA3A37A18F4BFBE009447B0 /* CReflectionView.m */ = {isa = PBXFileReference; fileEncoding = 4; lastKnownFileType = sourcecode.c.objc; path = CReflectionView.m; sourceTree = "<group>"; };
		FCA3A37B18F4BFBE009447B0 /* Interpolator.cpp */ = {isa = PBXFileReference; fileEncoding = 4; lastKnownFileType = sourcecode.cpp.cpp; path = Interpolator.cpp; sourceTree = "<group>"; };
		FCA3A37C18F4BFBE009447B0 /* Interpolator.h */ = {isa = PBXFileReference; fileEncoding = 4; lastKnownFileType = sourcecode.c.h; path = Interpolator.h; sourceTree = "<group>"; };
		FCADEAC71820ACD10076E0E5 /* libRestKit.a */ = {isa = PBXFileReference; lastKnownFileType = archive.ar; path = libRestKit.a; sourceTree = "<group>"; };
		FCADEAE71820AD730076E0E5 /* Security.framework */ = {isa = PBXFileReference; lastKnownFileType = wrapper.framework; name = Security.framework; path = System/Library/Frameworks/Security.framework; sourceTree = SDKROOT; };
		FCADEAE91820AD810076E0E5 /* libxml2.dylib */ = {isa = PBXFileReference; lastKnownFileType = "compiled.mach-o.dylib"; name = libxml2.dylib; path = usr/lib/libxml2.dylib; sourceTree = SDKROOT; };
		FCADEAEB1820AD960076E0E5 /* CoreData.framework */ = {isa = PBXFileReference; lastKnownFileType = wrapper.framework; name = CoreData.framework; path = System/Library/Frameworks/CoreData.framework; sourceTree = SDKROOT; };
		FCADEAED1820ADA60076E0E5 /* SystemConfiguration.framework */ = {isa = PBXFileReference; lastKnownFileType = wrapper.framework; name = SystemConfiguration.framework; path = System/Library/Frameworks/SystemConfiguration.framework; sourceTree = SDKROOT; };
		FCB900FB1820C21C00B69E4E /* Wine.h */ = {isa = PBXFileReference; fileEncoding = 4; lastKnownFileType = sourcecode.c.h; path = Wine.h; sourceTree = "<group>"; };
		FCB900FC1820C24900B69E4E /* Wime.m */ = {isa = PBXFileReference; fileEncoding = 4; lastKnownFileType = sourcecode.c.objc; path = Wime.m; sourceTree = "<group>"; };
		FCEEFC3A1812489D006A8CC9 /* Images.xcassets */ = {isa = PBXFileReference; lastKnownFileType = folder.assetcatalog; name = Images.xcassets; path = CELLO/Images.xcassets; sourceTree = "<group>"; };
/* End PBXFileReference section */

/* Begin PBXFrameworksBuildPhase section */
		456BDDCC1610896400398F00 /* Frameworks */ = {
			isa = PBXFrameworksBuildPhase;
			buildActionMask = 2147483647;
			files = (
				FC56503618209CCC001B54A8 /* CFNetwork.framework in Frameworks */,
				FCADEAEE1820ADA60076E0E5 /* SystemConfiguration.framework in Frameworks */,
				FCADEAEC1820AD960076E0E5 /* CoreData.framework in Frameworks */,
				FC18948D18AD585D005D1917 /* libTestFlight.a in Frameworks */,
				FCADEAEA1820AD810076E0E5 /* libxml2.dylib in Frameworks */,
				FCADEAE81820AD730076E0E5 /* Security.framework in Frameworks */,
				456BDDD61610896400398F00 /* Foundation.framework in Frameworks */,
				456BDDD41610896400398F00 /* UIKit.framework in Frameworks */,
				456BDE0716108D7A00398F00 /* QuartzCore.framework in Frameworks */,
				FC11D5F6182B9532002BC771 /* SDWebImage.framework in Frameworks */,
				456BDDD81610896400398F00 /* CoreGraphics.framework in Frameworks */,
				FC1743D518F4B381008F1BA2 /* libPods.a in Frameworks */,
				FC5650441820A06E001B54A8 /* MapKit.framework in Frameworks */,
				458DD6161610F71C00DB2DD2 /* AssetsLibrary.framework in Frameworks */,
				FC5E567B180D534700CB2F5D /* ImageIO.framework in Frameworks */,
				FC5E5675180D324700CB2F5D /* SDWebImage.framework in Frameworks */,
				FC56501C18209C0C001B54A8 /* libz.dylib in Frameworks */,
			);
			runOnlyForDeploymentPostprocessing = 0;
		};
/* End PBXFrameworksBuildPhase section */

/* Begin PBXGroup section */
		452250EE16123719007FEECC /* CELLO */ = {
			isa = PBXGroup;
			children = (
				FC6E2A51182C9DDA005E5337 /* views */,
				FC4E602B182BA0A100032812 /* RestKitDemo */,
				FCB900FA1820C1F500B69E4E /* model */,
				452251DC1612372B007FEECC /* Images */,
				FC5E563B180BFE2A00CB2F5D /* default */,
				FC5E566B180CC99800CB2F5D /* CELLO_IPAD.storyboard */,
				452250EF16123719007FEECC /* CAppDelegate.h */,
				452250F016123719007FEECC /* CAppDelegate.m */,
			);
			name = CELLO;
			path = Coverflow;
			sourceTree = "<group>";
		};
		456BDDC41610896400398F00 = {
			isa = PBXGroup;
			children = (
				FCEEFC3A1812489D006A8CC9 /* Images.xcassets */,
				FC5E563E180C112B00CB2F5D /* Classes */,
				452250EE16123719007FEECC /* CELLO */,
				456BDDD21610896400398F00 /* Frameworks */,
				456BDDD01610896400398F00 /* Products */,
				EA27E3EC6661492CB2771195 /* Pods.xcconfig */,
			);
			sourceTree = "<group>";
		};
		456BDDD01610896400398F00 /* Products */ = {
			isa = PBXGroup;
			children = (
				456BDDCF1610896400398F00 /* CELLO.app */,
			);
			name = Products;
			sourceTree = "<group>";
		};
		456BDDD21610896400398F00 /* Frameworks */ = {
			isa = PBXGroup;
			children = (
				FC1743D418F4B381008F1BA2 /* libPods.a */,
				FC18948B18AD583C005D1917 /* libTestFlight.a */,
				FC4E6035182BA59000032812 /* libPods-RestKit.a */,
				FC4E6033182BA50100032812 /* libPods-RestKit.a */,
				FC11D5F5182B9532002BC771 /* SDWebImage.framework */,
				FCADEAED1820ADA60076E0E5 /* SystemConfiguration.framework */,
				FCADEAEB1820AD960076E0E5 /* CoreData.framework */,
				FCADEAE71820AD730076E0E5 /* Security.framework */,
				FCADEAC71820ACD10076E0E5 /* libRestKit.a */,
				FCADEAE91820AD810076E0E5 /* libxml2.dylib */,
				FC56501B18209C0C001B54A8 /* libz.dylib */,
				FC5650431820A06E001B54A8 /* MapKit.framework */,
				FC56503518209CCC001B54A8 /* CFNetwork.framework */,
				FC5E5674180D324700CB2F5D /* SDWebImage.framework */,
				FC5E567A180D534700CB2F5D /* ImageIO.framework */,
				458DD6151610F71C00DB2DD2 /* AssetsLibrary.framework */,
				456BDE0616108D7A00398F00 /* QuartzCore.framework */,
				456BDDD31610896400398F00 /* UIKit.framework */,
				456BDDD51610896400398F00 /* Foundation.framework */,
				456BDDD71610896400398F00 /* CoreGraphics.framework */,
			);
			name = Frameworks;
			sourceTree = "<group>";
		};
		FC182E2818272C6700C157D9 /* testflight */ = {
			isa = PBXGroup;
			children = (
				FC18948818AD5809005D1917 /* TestFlight.h */,
				FC18948918AD5809005D1917 /* TestFlight+AsyncLogging.h */,
				FC18948A18AD5809005D1917 /* TestFlight+ManualSessions.h */,
			);
			name = testflight;
			sourceTree = "<group>";
		};
		FC4E6018182B9B6F00032812 /* Generated */ = {
			isa = PBXGroup;
			children = (
				FCB900FB1820C21C00B69E4E /* Wine.h */,
				FCB900FC1820C24900B69E4E /* Wime.m */,
			);
			name = Generated;
			sourceTree = "<group>";
		};
		FC4E602B182BA0A100032812 /* RestKitDemo */ = {
			isa = PBXGroup;
			children = (
				FC4E6031182BA49700032812 /* RKTwitterCoreData.xcdatamodel */,
				FC4E602F182BA43200032812 /* RKSeedDatabase.sqlite */,
				FC4E6019182B9FCA00032812 /* RKTweet.h */,
				FC4E601A182B9FCA00032812 /* RKTweet.m */,
				FC4E602C182BA0B000032812 /* RKTwitterViewController.h */,
				FC4E602D182BA0B000032812 /* RKTwitterViewController.m */,
				FC6E2A52182C9E3E005E5337 /* TwitterWebViewController.h */,
				FC6E2A53182C9E3E005E5337 /* TwitterWebViewController.m */,
			);
			name = RestKitDemo;
			sourceTree = "<group>";
		};
		FC5E563B180BFE2A00CB2F5D /* default */ = {
			isa = PBXGroup;
			children = (
				FC5E5678180D4CA200CB2F5D /* placeholder.png */,
				4522516816123719007FEECC /* main.m */,
				452250F516123719007FEECC /* CELLO-Info.plist */,
				452250F616123719007FEECC /* CELLO-Prefix.pch */,
				452250F716123719007FEECC /* Default-568h@2x.png */,
				452250F816123719007FEECC /* Default.png */,
				452250F916123719007FEECC /* Default@2x.png */,
				452250FA16123719007FEECC /* InfoPlist.strings */,
			);
			name = default;
			sourceTree = "<group>";
		};
		FC5E563E180C112B00CB2F5D /* Classes */ = {
			isa = PBXGroup;
			children = (
				FCA3A37118F4BFBE009447B0 /* CBetterCollectionViewCell.h */,
				FCA3A37218F4BFBE009447B0 /* CBetterCollectionViewCell.m */,
				FCA3A37318F4BFBE009447B0 /* CBetterCollectionViewLayoutAttributes.h */,
				FCA3A37418F4BFBE009447B0 /* CBetterCollectionViewLayoutAttributes.m */,
				FCA3A37518F4BFBE009447B0 /* CCoverflowCollectionViewLayout.h */,
				FCA3A37618F4BFBE009447B0 /* CCoverflowCollectionViewLayout.m */,
				FCA3A37718F4BFBE009447B0 /* CInterpolator.h */,
				FCA3A37818F4BFBE009447B0 /* CInterpolator.mm */,
				FCA3A37918F4BFBE009447B0 /* CReflectionView.h */,
				FCA3A37A18F4BFBE009447B0 /* CReflectionView.m */,
				FCA3A37B18F4BFBE009447B0 /* Interpolator.cpp */,
				FCA3A37C18F4BFBE009447B0 /* Interpolator.h */,
				FC182E2818272C6700C157D9 /* testflight */,
				FC7B936A182096D200B32071 /* AwesomeMenu */,
				FC5E566D180CEF1700CB2F5D /* BDViewController.h */,
				FC5E566E180CEF1700CB2F5D /* BDViewController.m */,
				FC5E566F180CEF1700CB2F5D /* BDViewController+Private.h */,
				FC5E5670180CEF1700CB2F5D /* BDViewController+Private.m */,
				FC5E5665180C95D400CB2F5D /* CHTCollectionViewWaterfallLayout.h */,
				FC5E5666180C95D400CB2F5D /* CHTCollectionViewWaterfallLayout.m */,
				FC5E5662180C954F00CB2F5D /* CHTCollectionViewWaterfallCell.h */,
				FC5E5663180C954F00CB2F5D /* CHTCollectionViewWaterfallCell.m */,
				FC5E563F180C112B00CB2F5D /* BDDynamicGridCell.h */,
				FC5E5640180C112B00CB2F5D /* BDDynamicGridCell.m */,
				FC5E5641180C112B00CB2F5D /* BDDynamicGridViewController.h */,
				FC5E5642180C112B00CB2F5D /* BDDynamicGridViewController.m */,
				FC5E5643180C112B00CB2F5D /* BDDynamicGridViewDelegate.h */,
				FC5E5644180C112B00CB2F5D /* BDRowInfo.h */,
				FC5E5645180C112B00CB2F5D /* BDRowInfo.m */,
			);
			path = Classes;
			sourceTree = "<group>";
		};
		FC6E2A51182C9DDA005E5337 /* views */ = {
			isa = PBXGroup;
			children = (
				452250F116123719007FEECC /* CDemoCollectionViewCell.h */,
				452250F216123719007FEECC /* CDemoCollectionViewCell.m */,
				452250F316123719007FEECC /* CDemoCollectionViewController.h */,
				452250F416123719007FEECC /* CDemoCollectionViewController.m */,
				452251E616124093007FEECC /* CCoverflowTitleView.xib */,
				452251E8161240A6007FEECC /* CCoverflowTitleView.h */,
				452251E9161240A6007FEECC /* CCoverflowTitleView.m */,
				FC5E5668180C960400CB2F5D /* ResultsViewController.h */,
				FC5E5669180C960400CB2F5D /* ResultsViewController.m */,
				FC5E5652180C7BA900CB2F5D /* CelloNavigationViewController.h */,
				FC5E5653180C7BA900CB2F5D /* CelloNavigationViewController.m */,
			);
			name = views;
			sourceTree = "<group>";
		};
		FC7B936A182096D200B32071 /* AwesomeMenu */ = {
			isa = PBXGroup;
			children = (
				FC7B93711820979900B32071 /* Images */,
				FC7B936B182096D200B32071 /* AwesomeMenu.h */,
				FC7B936C182096D200B32071 /* AwesomeMenu.m */,
				FC7B936D182096D200B32071 /* AwesomeMenuItem.h */,
				FC7B936E182096D200B32071 /* AwesomeMenuItem.m */,
			);
			path = AwesomeMenu;
			sourceTree = "<group>";
		};
		FC7B93711820979900B32071 /* Images */ = {
			isa = PBXGroup;
			children = (
				FC7B93721820979900B32071 /* bg-addbutton-highlighted.png */,
				FC7B93731820979900B32071 /* bg-addbutton-highlighted@2x.png */,
				FC7B93741820979900B32071 /* bg-addbutton.png */,
				FC7B93751820979900B32071 /* bg-addbutton@2x.png */,
				FC7B93761820979900B32071 /* bg-menuitem-highlighted.png */,
				FC7B93771820979900B32071 /* bg-menuitem-highlighted@2x.png */,
				FC7B93781820979900B32071 /* bg-menuitem.png */,
				FC7B93791820979900B32071 /* bg-menuitem@2x.png */,
				FC7B937A1820979900B32071 /* icon-plus-highlighted.png */,
				FC7B937B1820979900B32071 /* icon-plus-highlighted@2x.png */,
				FC7B937C1820979900B32071 /* icon-plus.png */,
				FC7B937D1820979900B32071 /* icon-plus@2x.png */,
				FC7B937E1820979900B32071 /* icon-star.png */,
				FC7B937F1820979900B32071 /* icon-star@2x.png */,
			);
			path = Images;
			sourceTree = "<group>";
		};
		FCB900FA1820C1F500B69E4E /* model */ = {
			isa = PBXGroup;
			children = (
				FC4E6018182B9B6F00032812 /* Generated */,
				FC4E6015182B98DD00032812 /* CELLO_WINE.h */,
				FC4E6016182B98DD00032812 /* CELLO_WINE.m */,
			);
			name = model;
			sourceTree = "<group>";
		};
/* End PBXGroup section */

/* Begin PBXNativeTarget section */
		456BDDCE1610896400398F00 /* CELLO */ = {
			isa = PBXNativeTarget;
			buildConfigurationList = 456BDDF31610896400398F00 /* Build configuration list for PBXNativeTarget "CELLO" */;
			buildPhases = (
				2BB8089DFBC849D38A2FD9BD /* Check Pods Manifest.lock */,
				456BDDCB1610896400398F00 /* Sources */,
				456BDDCC1610896400398F00 /* Frameworks */,
				456BDDCD1610896400398F00 /* Resources */,
				7D5D2E4885064BDCA7DF5A57 /* Copy Pods Resources */,
			);
			buildRules = (
			);
			dependencies = (
			);
			name = CELLO;
			productName = Coverflow;
			productReference = 456BDDCF1610896400398F00 /* CELLO.app */;
			productType = "com.apple.product-type.application";
		};
/* End PBXNativeTarget section */

/* Begin PBXProject section */
		456BDDC61610896400398F00 /* Project object */ = {
			isa = PBXProject;
			attributes = {
				CLASSPREFIX = C;
				LastUpgradeCheck = 0500;
				ORGANIZATIONNAME = cello;
				TargetAttributes = {
					456BDDCE1610896400398F00 = {
						DevelopmentTeam = 2KNWRB42T2;
						SystemCapabilities = {
							com.apple.BackgroundModes = {
								enabled = 1;
							};
							com.apple.iOS = {
								enabled = 1;
							};
						};
					};
				};
			};
			buildConfigurationList = 456BDDC91610896400398F00 /* Build configuration list for PBXProject "CELLO" */;
			compatibilityVersion = "Xcode 3.2";
			developmentRegion = English;
			hasScannedForEncodings = 0;
			knownRegions = (
				en,
			);
			mainGroup = 456BDDC41610896400398F00;
			productRefGroup = 456BDDD01610896400398F00 /* Products */;
			projectDirPath = "";
			projectRoot = "";
			targets = (
				456BDDCE1610896400398F00 /* CELLO */,
			);
		};
/* End PBXProject section */

/* Begin PBXResourcesBuildPhase section */
		456BDDCD1610896400398F00 /* Resources */ = {
			isa = PBXResourcesBuildPhase;
			buildActionMask = 2147483647;
			files = (
				FC4E6030182BA47400032812 /* RKSeedDatabase.sqlite in Resources */,
				FCEEFC3B1812489D006A8CC9 /* Images.xcassets in Resources */,
				FC5E566C180CC99800CB2F5D /* CELLO_IPAD.storyboard in Resources */,
				FC7B93841820979900B32071 /* bg-menuitem-highlighted.png in Resources */,
				FC7B93821820979900B32071 /* bg-addbutton.png in Resources */,
				FC7B93871820979900B32071 /* bg-menuitem@2x.png in Resources */,
				4522516D16123719007FEECC /* Default-568h@2x.png in Resources */,
				FC7B938C1820979900B32071 /* icon-star.png in Resources */,
				4522516E16123719007FEECC /* Default.png in Resources */,
				FC7B93801820979900B32071 /* bg-addbutton-highlighted.png in Resources */,
				FC7B93851820979900B32071 /* bg-menuitem-highlighted@2x.png in Resources */,
				FC7B938B1820979900B32071 /* icon-plus@2x.png in Resources */,
				FC7B93811820979900B32071 /* bg-addbutton-highlighted@2x.png in Resources */,
				FC7B93831820979900B32071 /* bg-addbutton@2x.png in Resources */,
				4522516F16123719007FEECC /* Default@2x.png in Resources */,
				4522517016123719007FEECC /* InfoPlist.strings in Resources */,
				FC7B93861820979900B32071 /* bg-menuitem.png in Resources */,
				FC7B938A1820979900B32071 /* icon-plus.png in Resources */,
				FC7B93891820979900B32071 /* icon-plus-highlighted@2x.png in Resources */,
				FC7B938D1820979900B32071 /* icon-star@2x.png in Resources */,
				FC7B93881820979900B32071 /* icon-plus-highlighted.png in Resources */,
				FC5E5679180D4CA200CB2F5D /* placeholder.png in Resources */,
				452251DD1612372B007FEECC /* Images in Resources */,
				452251E716124093007FEECC /* CCoverflowTitleView.xib in Resources */,
			);
			runOnlyForDeploymentPostprocessing = 0;
		};
/* End PBXResourcesBuildPhase section */

/* Begin PBXShellScriptBuildPhase section */
		2BB8089DFBC849D38A2FD9BD /* Check Pods Manifest.lock */ = {
			isa = PBXShellScriptBuildPhase;
			buildActionMask = 2147483647;
			files = (
			);
			inputPaths = (
			);
			name = "Check Pods Manifest.lock";
			outputPaths = (
			);
			runOnlyForDeploymentPostprocessing = 0;
			shellPath = /bin/sh;
			shellScript = "diff \"${PODS_ROOT}/../Podfile.lock\" \"${PODS_ROOT}/Manifest.lock\" > /dev/null\nif [[ $? != 0 ]] ; then\n    cat << EOM\nerror: The sandbox is not in sync with the Podfile.lock. Run 'pod install' or update your CocoaPods installation.\nEOM\n    exit 1\nfi\n";
			showEnvVarsInLog = 0;
		};
		7D5D2E4885064BDCA7DF5A57 /* Copy Pods Resources */ = {
			isa = PBXShellScriptBuildPhase;
			buildActionMask = 2147483647;
			files = (
			);
			inputPaths = (
			);
			name = "Copy Pods Resources";
			outputPaths = (
			);
			runOnlyForDeploymentPostprocessing = 0;
			shellPath = /bin/sh;
			shellScript = "\"${SRCROOT}/Pods/Pods-resources.sh\"\n";
			showEnvVarsInLog = 0;
		};
/* End PBXShellScriptBuildPhase section */

/* Begin PBXSourcesBuildPhase section */
		456BDDCB1610896400398F00 /* Sources */ = {
			isa = PBXSourcesBuildPhase;
			buildActionMask = 2147483647;
			files = (
				FC4E6017182B98DD00032812 /* CELLO_WINE.m in Sources */,
				FC5E5654180C7BA900CB2F5D /* CelloNavigationViewController.m in Sources */,
				FCA3A37F18F4BFBE009447B0 /* CCoverflowCollectionViewLayout.m in Sources */,
				FC7B9370182096D200B32071 /* AwesomeMenuItem.m in Sources */,
				FC5E5672180CEF1700CB2F5D /* BDViewController+Private.m in Sources */,
				FC5E5667180C95D400CB2F5D /* CHTCollectionViewWaterfallLayout.m in Sources */,
				FC5E5646180C112B00CB2F5D /* BDDynamicGridCell.m in Sources */,
				FC4E601B182B9FCA00032812 /* RKTweet.m in Sources */,
				FC5E5647180C112B00CB2F5D /* BDDynamicGridViewController.m in Sources */,
				4522516916123719007FEECC /* CAppDelegate.m in Sources */,
				FC5E5648180C112B00CB2F5D /* BDRowInfo.m in Sources */,
				FCA3A38118F4BFBE009447B0 /* CReflectionView.m in Sources */,
				FC7B936F182096D200B32071 /* AwesomeMenu.m in Sources */,
				FC5E5664180C954F00CB2F5D /* CHTCollectionViewWaterfallCell.m in Sources */,
				FC5E566A180C960400CB2F5D /* ResultsViewController.m in Sources */,
				FCB900FD1820C24900B69E4E /* Wime.m in Sources */,
				FC4E602E182BA0B000032812 /* RKTwitterViewController.m in Sources */,
				FCA3A38218F4BFBE009447B0 /* Interpolator.cpp in Sources */,
				4522516A16123719007FEECC /* CDemoCollectionViewCell.m in Sources */,
				FCA3A37D18F4BFBE009447B0 /* CBetterCollectionViewCell.m in Sources */,
				FC6E2A54182C9E3E005E5337 /* TwitterWebViewController.m in Sources */,
				4522516B16123719007FEECC /* CDemoCollectionViewController.m in Sources */,
				452251DB16123719007FEECC /* main.m in Sources */,
				FC4E6032182BA49700032812 /* RKTwitterCoreData.xcdatamodel in Sources */,
				FC5E5671180CEF1700CB2F5D /* BDViewController.m in Sources */,
				FCA3A37E18F4BFBE009447B0 /* CBetterCollectionViewLayoutAttributes.m in Sources */,
				452251EA161240A6007FEECC /* CCoverflowTitleView.m in Sources */,
				FCA3A38018F4BFBE009447B0 /* CInterpolator.mm in Sources */,
			);
			runOnlyForDeploymentPostprocessing = 0;
		};
/* End PBXSourcesBuildPhase section */

/* Begin PBXVariantGroup section */
		452250FA16123719007FEECC /* InfoPlist.strings */ = {
			isa = PBXVariantGroup;
			children = (
				452250FB16123719007FEECC /* en */,
			);
			name = InfoPlist.strings;
			sourceTree = "<group>";
		};
/* End PBXVariantGroup section */

/* Begin XCBuildConfiguration section */
		456BDDF11610896400398F00 /* Debug */ = {
			isa = XCBuildConfiguration;
			buildSettings = {
				ALWAYS_SEARCH_USER_PATHS = NO;
				CLANG_CXX_LANGUAGE_STANDARD = "gnu++0x";
				CLANG_CXX_LIBRARY = "libc++";
				CLANG_ENABLE_OBJC_ARC = YES;
				CLANG_WARN_EMPTY_BODY = YES;
				CLANG_WARN_OBJCPP_ARC_ABI = YES;
				CLANG_WARN_OBJC_IMPLICIT_ATOMIC_PROPERTIES = YES;
				CLANG_WARN_SUSPICIOUS_IMPLICIT_CONVERSION = YES;
				CLANG_WARN__DUPLICATE_METHOD_MATCH = YES;
				"CODE_SIGN_IDENTITY[sdk=iphoneos*]" = "iPhone Developer";
				COPY_PHASE_STRIP = NO;
				GCC_C_LANGUAGE_STANDARD = gnu99;
				GCC_DYNAMIC_NO_PIC = NO;
				GCC_OPTIMIZATION_LEVEL = 0;
				GCC_PREPROCESSOR_DEFINITIONS = (
					"DEBUG=1",
					"$(inherited)",
				);
				GCC_SYMBOLS_PRIVATE_EXTERN = NO;
				GCC_TREAT_INCOMPATIBLE_POINTER_TYPE_WARNINGS_AS_ERRORS = YES;
				GCC_WARN_64_TO_32_BIT_CONVERSION = YES;
				GCC_WARN_ABOUT_MISSING_NEWLINE = YES;
				GCC_WARN_ABOUT_RETURN_TYPE = YES;
				GCC_WARN_INITIALIZER_NOT_FULLY_BRACKETED = YES;
				GCC_WARN_UNINITIALIZED_AUTOS = YES;
				GCC_WARN_UNUSED_VARIABLE = YES;
				IPHONEOS_DEPLOYMENT_TARGET = 7.0;
				ONLY_ACTIVE_ARCH = YES;
				RUN_CLANG_STATIC_ANALYZER = YES;
				SDKROOT = iphoneos;
			};
			name = Debug;
		};
		456BDDF21610896400398F00 /* Release */ = {
			isa = XCBuildConfiguration;
			buildSettings = {
				ALWAYS_SEARCH_USER_PATHS = NO;
				CLANG_CXX_LANGUAGE_STANDARD = "gnu++0x";
				CLANG_CXX_LIBRARY = "libc++";
				CLANG_ENABLE_OBJC_ARC = YES;
				CLANG_WARN_EMPTY_BODY = YES;
				CLANG_WARN_OBJCPP_ARC_ABI = YES;
				CLANG_WARN_OBJC_IMPLICIT_ATOMIC_PROPERTIES = YES;
				CLANG_WARN_SUSPICIOUS_IMPLICIT_CONVERSION = YES;
				CLANG_WARN__DUPLICATE_METHOD_MATCH = YES;
				"CODE_SIGN_IDENTITY[sdk=iphoneos*]" = "iPhone Developer";
				COPY_PHASE_STRIP = YES;
				GCC_C_LANGUAGE_STANDARD = gnu99;
				GCC_TREAT_INCOMPATIBLE_POINTER_TYPE_WARNINGS_AS_ERRORS = YES;
				GCC_WARN_64_TO_32_BIT_CONVERSION = YES;
				GCC_WARN_ABOUT_MISSING_NEWLINE = YES;
				GCC_WARN_ABOUT_RETURN_TYPE = YES;
				GCC_WARN_INITIALIZER_NOT_FULLY_BRACKETED = YES;
				GCC_WARN_UNINITIALIZED_AUTOS = YES;
				GCC_WARN_UNUSED_VARIABLE = YES;
				IPHONEOS_DEPLOYMENT_TARGET = 7.0;
				OTHER_CFLAGS = "-DNS_BLOCK_ASSERTIONS=1";
				RUN_CLANG_STATIC_ANALYZER = YES;
				SDKROOT = iphoneos;
				VALIDATE_PRODUCT = YES;
			};
			name = Release;
		};
		456BDDF41610896400398F00 /* Debug */ = {
			isa = XCBuildConfiguration;
			baseConfigurationReference = EA27E3EC6661492CB2771195 /* Pods.xcconfig */;
			buildSettings = {
				ASSETCATALOG_COMPILER_APPICON_NAME = AppIcon;
				ASSETCATALOG_COMPILER_LAUNCHIMAGE_NAME = LaunchImage;
				CODE_SIGN_IDENTITY = "iPhone Developer";
				FRAMEWORK_SEARCH_PATHS = (
					"$(inherited)",
					/Users/dylan/Documents/WORK/Coverflow/Demo,
					/Users/dylan/Documents/WORK/Coverflow/CELLO,
				);
				GCC_PRECOMPILE_PREFIX_HEADER = YES;
				GCC_PREFIX_HEADER = "Coverflow/CELLO-Prefix.pch";
				INFOPLIST_FILE = "Coverflow/CELLO-Info.plist";
				IPHONEOS_DEPLOYMENT_TARGET = 7.0;
				LIBRARY_SEARCH_PATHS = (
					"$(inherited)",
					/Users/dylan/Documents/WORK/Coverflow/Demo,
					/Users/dylan/Documents/WORK/CELLO_NATIVE_IOS,
				);
				OTHER_LDFLAGS = "-all_load";
				PRODUCT_NAME = CELLO;
				TARGETED_DEVICE_FAMILY = 2;
				VALID_ARCHS = "armv7 armv7s armv64";
				WRAPPER_EXTENSION = app;
			};
			name = Debug;
		};
		456BDDF51610896400398F00 /* Release */ = {
			isa = XCBuildConfiguration;
			baseConfigurationReference = EA27E3EC6661492CB2771195 /* Pods.xcconfig */;
			buildSettings = {
				ASSETCATALOG_COMPILER_APPICON_NAME = AppIcon;
				ASSETCATALOG_COMPILER_LAUNCHIMAGE_NAME = LaunchImage;
				CODE_SIGN_IDENTITY = "iPhone Developer";
				FRAMEWORK_SEARCH_PATHS = (
					"$(inherited)",
					/Users/dylan/Documents/WORK/Coverflow/Demo,
					/Users/dylan/Documents/WORK/Coverflow/CELLO,
				);
				GCC_PRECOMPILE_PREFIX_HEADER = YES;
				GCC_PREFIX_HEADER = "Coverflow/CELLO-Prefix.pch";
				INFOPLIST_FILE = "Coverflow/CELLO-Info.plist";
				IPHONEOS_DEPLOYMENT_TARGET = 7.0;
				LIBRARY_SEARCH_PATHS = (
					"$(inherited)",
					/Users/dylan/Documents/WORK/Coverflow/Demo,
					/Users/dylan/Documents/WORK/CELLO_NATIVE_IOS,
				);
				OTHER_LDFLAGS = "-all_load";
				PRODUCT_NAME = CELLO;
				TARGETED_DEVICE_FAMILY = 2;
				VALID_ARCHS = "armv7 armv7s armv64";
				WRAPPER_EXTENSION = app;
			};
			name = Release;
		};
/* End XCBuildConfiguration section */

/* Begin XCConfigurationList section */
		456BDDC91610896400398F00 /* Build configuration list for PBXProject "CELLO" */ = {
			isa = XCConfigurationList;
			buildConfigurations = (
				456BDDF11610896400398F00 /* Debug */,
				456BDDF21610896400398F00 /* Release */,
			);
			defaultConfigurationIsVisible = 0;
			defaultConfigurationName = Release;
		};
		456BDDF31610896400398F00 /* Build configuration list for PBXNativeTarget "CELLO" */ = {
			isa = XCConfigurationList;
			buildConfigurations = (
				456BDDF41610896400398F00 /* Debug */,
				456BDDF51610896400398F00 /* Release */,
			);
			defaultConfigurationIsVisible = 0;
			defaultConfigurationName = Release;
		};
/* End XCConfigurationList section */
	};
	rootObject = 456BDDC61610896400398F00 /* Project object */;
}
